
Microsoft Visual Studio Solution File, Format Version 12.00
# Visual Studio Version 16
VisualStudioVersion = 16.0.31624.102
MinimumVisualStudioVersion = 10.0.40219.1
Project("{FAE04EC0-301F-11D3-BF4B-00C04F79EFBC}") = "Utils", "Utils\Utils.csproj", "{7C9DAAB6-3BFA-4DD8-AD45-5CA5D1BF6148}"
EndProject
Project("{FAE04EC0-301F-11D3-BF4B-00C04F79EFBC}") = "UtilsTests", "UtilsTests\UtilsTests.csproj", "{7D5923A5-8438-48A1-9BD1-AB8BD66AB114}"
EndProject
Global
	GlobalSection(SolutionConfigurationPlatforms) = preSolution
		Debug|Any CPU = Debug|Any CPU
		Release|Any CPU = Release|Any CPU
	EndGlobalSection
	GlobalSection(ProjectConfigurationPlatforms) = postSolution
		{7C9DAAB6-3BFA-4DD8-AD45-5CA5D1BF6148}.Debug|Any CPU.ActiveCfg = Debug|Any CPU
		{7C9DAAB6-3BFA-4DD8-AD45-5CA5D1BF6148}.Debug|Any CPU.Build.0 = Debug|Any CPU
		{7C9DAAB6-3BFA-4DD8-AD45-5CA5D1BF6148}.Release|Any CPU.ActiveCfg = Release|Any CPU
		{7C9DAAB6-3BFA-4DD8-AD45-5CA5D1BF6148}.Release|Any CPU.Build.0 = Release|Any CPU
		{7D5923A5-8438-48A1-9BD1-AB8BD66AB114}.Debug|Any CPU.ActiveCfg = Debug|Any CPU
		{7D5923A5-8438-48A1-9BD1-AB8BD66AB114}.Debug|Any CPU.Build.0 = Debug|Any CPU
		{7D5923A5-8438-48A1-9BD1-AB8BD66AB114}.Release|Any CPU.ActiveCfg = Release|Any CPU
		{7D5923A5-8438-48A1-9BD1-AB8BD66AB114}.Release|Any CPU.Build.0 = Release|Any CPU
	EndGlobalSection
	GlobalSection(SolutionProperties) = preSolution
		HideSolutionNode = FALSE
	EndGlobalSection
	GlobalSection(ExtensibilityGlobals) = postSolution
		SolutionGuid = {B24E3E16-0378-4522-A494-20D8E330805E}
	EndGlobalSection
EndGlobal
